// !$*UTF8*$!
{
	archiveVersion = 1;
	classes = {
	};
	objectVersion = 77;
	objects = {

/* Begin PBXBuildFile section */
		9109BF772CDE7B2800E09104 /* APIConfig.plist in Resources */ = {isa = PBXBuildFile; fileRef = 9109BF762CDE7B2800E09104 /* APIConfig.plist */; };
		91D58CD02CDFAD2400428DCC /* projectConfig.xcconfig in Resources */ = {isa = PBXBuildFile; fileRef = 91D58CCF2CDFAD2400428DCC /* projectConfig.xcconfig */; };
/* End PBXBuildFile section */

/* Begin PBXContainerItemProxy section */
		917D057A2CDE520F00555F69 /* PBXContainerItemProxy */ = {
			isa = PBXContainerItemProxy;
			containerPortal = 917D05612CDE520E00555F69 /* Project object */;
			proxyType = 1;
			remoteGlobalIDString = 917D05682CDE520E00555F69;
			remoteInfo = MovieHut;
		};
		917D05842CDE520F00555F69 /* PBXContainerItemProxy */ = {
			isa = PBXContainerItemProxy;
			containerPortal = 917D05612CDE520E00555F69 /* Project object */;
			proxyType = 1;
			remoteGlobalIDString = 917D05682CDE520E00555F69;
			remoteInfo = MovieHut;
		};
/* End PBXContainerItemProxy section */

/* Begin PBXFileReference section */
		9109BF762CDE7B2800E09104 /* APIConfig.plist */ = {isa = PBXFileReference; lastKnownFileType = text.plist.xml; path = APIConfig.plist; sourceTree = "<group>"; };
		910D467A2CE1270900B20A3A /* MovieHut.xcodeproj */ = {isa = PBXFileReference; lastKnownFileType = "wrapper.pb-project"; path = MovieHut.xcodeproj; sourceTree = "<group>"; };
		917D05692CDE520E00555F69 /* MovieHut.app */ = {isa = PBXFileReference; explicitFileType = wrapper.application; includeInIndex = 0; path = MovieHut.app; sourceTree = BUILT_PRODUCTS_DIR; };
		917D05792CDE520F00555F69 /* MovieHutTests.xctest */ = {isa = PBXFileReference; explicitFileType = wrapper.cfbundle; includeInIndex = 0; path = MovieHutTests.xctest; sourceTree = BUILT_PRODUCTS_DIR; };
		917D05832CDE520F00555F69 /* MovieHutUITests.xctest */ = {isa = PBXFileReference; explicitFileType = wrapper.cfbundle; includeInIndex = 0; path = MovieHutUITests.xctest; sourceTree = BUILT_PRODUCTS_DIR; };
		91D58CCF2CDFAD2400428DCC /* projectConfig.xcconfig */ = {isa = PBXFileReference; lastKnownFileType = text.xcconfig; path = projectConfig.xcconfig; sourceTree = "<group>"; };
/* End PBXFileReference section */

/* Begin PBXFileSystemSynchronizedRootGroup section */
		917D056B2CDE520E00555F69 /* MovieHut */ = {
			isa = PBXFileSystemSynchronizedRootGroup;
			path = MovieHut;
			sourceTree = "<group>";
		};
		917D057C2CDE520F00555F69 /* MovieHutTests */ = {
			isa = PBXFileSystemSynchronizedRootGroup;
			path = MovieHutTests;
			sourceTree = "<group>";
		};
		917D05862CDE520F00555F69 /* MovieHutUITests */ = {
			isa = PBXFileSystemSynchronizedRootGroup;
			path = MovieHutUITests;
			sourceTree = "<group>";
		};
/* End PBXFileSystemSynchronizedRootGroup section */

/* Begin PBXFrameworksBuildPhase section */
		917D05662CDE520E00555F69 /* Frameworks */ = {
			isa = PBXFrameworksBuildPhase;
			buildActionMask = 2147483647;
			files = (
			);
			runOnlyForDeploymentPostprocessing = 0;
		};
		917D05762CDE520F00555F69 /* Frameworks */ = {
			isa = PBXFrameworksBuildPhase;
			buildActionMask = 2147483647;
			files = (
			);
			runOnlyForDeploymentPostprocessing = 0;
		};
		917D05802CDE520F00555F69 /* Frameworks */ = {
			isa = PBXFrameworksBuildPhase;
			buildActionMask = 2147483647;
			files = (
			);
			runOnlyForDeploymentPostprocessing = 0;
		};
/* End PBXFrameworksBuildPhase section */

/* Begin PBXGroup section */
		910D467B2CE1270900B20A3A /* Products */ = {
			isa = PBXGroup;
			children = (
			);
			name = Products;
			sourceTree = "<group>";
		};
		917D05602CDE520E00555F69 = {
			isa = PBXGroup;
			children = (
				91D58CCF2CDFAD2400428DCC /* projectConfig.xcconfig */,
				9109BF762CDE7B2800E09104 /* APIConfig.plist */,
				917D056B2CDE520E00555F69 /* MovieHut */,
				917D057C2CDE520F00555F69 /* MovieHutTests */,
				917D05862CDE520F00555F69 /* MovieHutUITests */,
				917D056A2CDE520E00555F69 /* Products */,
			);
			sourceTree = "<group>";
		};
		917D056A2CDE520E00555F69 /* Products */ = {
			isa = PBXGroup;
			children = (
				917D05692CDE520E00555F69 /* MovieHut.app */,
				917D05792CDE520F00555F69 /* MovieHutTests.xctest */,
				917D05832CDE520F00555F69 /* MovieHutUITests.xctest */,
			);
			name = Products;
			sourceTree = "<group>";
		};
/* End PBXGroup section */

/* Begin PBXNativeTarget section */
		917D05682CDE520E00555F69 /* MovieHut */ = {
			isa = PBXNativeTarget;
			buildConfigurationList = 917D058D2CDE520F00555F69 /* Build configuration list for PBXNativeTarget "MovieHut" */;
			buildPhases = (
				917D05652CDE520E00555F69 /* Sources */,
				917D05662CDE520E00555F69 /* Frameworks */,
				917D05672CDE520E00555F69 /* Resources */,
			);
			buildRules = (
			);
			dependencies = (
			);
			fileSystemSynchronizedGroups = (
				917D056B2CDE520E00555F69 /* MovieHut */,
			);
			name = MovieHut;
			packageProductDependencies = (
			);
			productName = MovieHut;
			productReference = 917D05692CDE520E00555F69 /* MovieHut.app */;
			productType = "com.apple.product-type.application";
		};
		917D05782CDE520F00555F69 /* MovieHutTests */ = {
			isa = PBXNativeTarget;
			buildConfigurationList = 917D05902CDE520F00555F69 /* Build configuration list for PBXNativeTarget "MovieHutTests" */;
			buildPhases = (
				917D05752CDE520F00555F69 /* Sources */,
				917D05762CDE520F00555F69 /* Frameworks */,
				917D05772CDE520F00555F69 /* Resources */,
			);
			buildRules = (
			);
			dependencies = (
				917D057B2CDE520F00555F69 /* PBXTargetDependency */,
			);
			fileSystemSynchronizedGroups = (
				917D057C2CDE520F00555F69 /* MovieHutTests */,
			);
			name = MovieHutTests;
			packageProductDependencies = (
			);
			productName = MovieHutTests;
			productReference = 917D05792CDE520F00555F69 /* MovieHutTests.xctest */;
			productType = "com.apple.product-type.bundle.unit-test";
		};
		917D05822CDE520F00555F69 /* MovieHutUITests */ = {
			isa = PBXNativeTarget;
			buildConfigurationList = 917D05932CDE520F00555F69 /* Build configuration list for PBXNativeTarget "MovieHutUITests" */;
			buildPhases = (
				917D057F2CDE520F00555F69 /* Sources */,
				917D05802CDE520F00555F69 /* Frameworks */,
				917D05812CDE520F00555F69 /* Resources */,
			);
			buildRules = (
			);
			dependencies = (
				917D05852CDE520F00555F69 /* PBXTargetDependency */,
			);
			fileSystemSynchronizedGroups = (
				917D05862CDE520F00555F69 /* MovieHutUITests */,
			);
			name = MovieHutUITests;
			packageProductDependencies = (
			);
			productName = MovieHutUITests;
			productReference = 917D05832CDE520F00555F69 /* MovieHutUITests.xctest */;
			productType = "com.apple.product-type.bundle.ui-testing";
		};
/* End PBXNativeTarget section */

/* Begin PBXProject section */
		917D05612CDE520E00555F69 /* Project object */ = {
			isa = PBXProject;
			attributes = {
				BuildIndependentTargetsInParallel = 1;
				LastSwiftUpdateCheck = 1610;
				LastUpgradeCheck = 1610;
				TargetAttributes = {
					917D05682CDE520E00555F69 = {
						CreatedOnToolsVersion = 16.1;
					};
					917D05782CDE520F00555F69 = {
						CreatedOnToolsVersion = 16.1;
						TestTargetID = 917D05682CDE520E00555F69;
					};
					917D05822CDE520F00555F69 = {
						CreatedOnToolsVersion = 16.1;
						TestTargetID = 917D05682CDE520E00555F69;
					};
				};
			};
			buildConfigurationList = 917D05642CDE520E00555F69 /* Build configuration list for PBXProject "MovieHut" */;
			developmentRegion = en;
			hasScannedForEncodings = 0;
			knownRegions = (
				en,
				Base,
			);
			mainGroup = 917D05602CDE520E00555F69;
			minimizedProjectReferenceProxies = 1;
			preferredProjectObjectVersion = 77;
			productRefGroup = 917D056A2CDE520E00555F69 /* Products */;
			projectDirPath = "";
			projectReferences = (
				{
					ProductGroup = 910D467B2CE1270900B20A3A /* Products */;
					ProjectRef = 910D467A2CE1270900B20A3A /* MovieHut.xcodeproj */;
				},
			);
			projectRoot = "";
			targets = (
				917D05682CDE520E00555F69 /* MovieHut */,
				917D05782CDE520F00555F69 /* MovieHutTests */,
				917D05822CDE520F00555F69 /* MovieHutUITests */,
			);
		};
/* End PBXProject section */

/* Begin PBXResourcesBuildPhase section */
		917D05672CDE520E00555F69 /* Resources */ = {
			isa = PBXResourcesBuildPhase;
			buildActionMask = 2147483647;
			files = (
				91D58CD02CDFAD2400428DCC /* projectConfig.xcconfig in Resources */,
				9109BF772CDE7B2800E09104 /* APIConfig.plist in Resources */,
			);
			runOnlyForDeploymentPostprocessing = 0;
		};
		917D05772CDE520F00555F69 /* Resources */ = {
			isa = PBXResourcesBuildPhase;
			buildActionMask = 2147483647;
			files = (
			);
			runOnlyForDeploymentPostprocessing = 0;
		};
		917D05812CDE520F00555F69 /* Resources */ = {
			isa = PBXResourcesBuildPhase;
			buildActionMask = 2147483647;
			files = (
			);
			runOnlyForDeploymentPostprocessing = 0;
		};
/* End PBXResourcesBuildPhase section */

/* Begin PBXSourcesBuildPhase section */
		917D05652CDE520E00555F69 /* Sources */ = {
			isa = PBXSourcesBuildPhase;
			buildActionMask = 2147483647;
			files = (
			);
			runOnlyForDeploymentPostprocessing = 0;
		};
		917D05752CDE520F00555F69 /* Sources */ = {
			isa = PBXSourcesBuildPhase;
			buildActionMask = 2147483647;
			files = (
			);
			runOnlyForDeploymentPostprocessing = 0;
		};
		917D057F2CDE520F00555F69 /* Sources */ = {
			isa = PBXSourcesBuildPhase;
			buildActionMask = 2147483647;
			files = (
			);
			runOnlyForDeploymentPostprocessing = 0;
		};
/* End PBXSourcesBuildPhase section */

/* Begin PBXTargetDependency section */
		917D057B2CDE520F00555F69 /* PBXTargetDependency */ = {
			isa = PBXTargetDependency;
			target = 917D05682CDE520E00555F69 /* MovieHut */;
			targetProxy = 917D057A2CDE520F00555F69 /* PBXContainerItemProxy */;
		};
		917D05852CDE520F00555F69 /* PBXTargetDependency */ = {
			isa = PBXTargetDependency;
			target = 917D05682CDE520E00555F69 /* MovieHut */;
			targetProxy = 917D05842CDE520F00555F69 /* PBXContainerItemProxy */;
		};
/* End PBXTargetDependency section */

/* Begin XCBuildConfiguration section */
		917D058B2CDE520F00555F69 /* Debug */ = {
			isa = XCBuildConfiguration;
			baseConfigurationReference = 91D58CCF2CDFAD2400428DCC /* projectConfig.xcconfig */;
			buildSettings = {
				ALWAYS_SEARCH_USER_PATHS = NO;
				ASSETCATALOG_COMPILER_GENERATE_SWIFT_ASSET_SYMBOL_EXTENSIONS = YES;
				CLANG_ANALYZER_NONNULL = YES;
				CLANG_ANALYZER_NUMBER_OBJECT_CONVERSION = YES_AGGRESSIVE;
				CLANG_CXX_LANGUAGE_STANDARD = "gnu++20";
				CLANG_ENABLE_MODULES = YES;
				CLANG_ENABLE_OBJC_ARC = YES;
				CLANG_ENABLE_OBJC_WEAK = YES;
				CLANG_WARN_BLOCK_CAPTURE_AUTORELEASING = YES;
				CLANG_WARN_BOOL_CONVERSION = YES;
				CLANG_WARN_COMMA = YES;
				CLANG_WARN_CONSTANT_CONVERSION = YES;
				CLANG_WARN_DEPRECATED_OBJC_IMPLEMENTATIONS = YES;
				CLANG_WARN_DIRECT_OBJC_ISA_USAGE = YES_ERROR;
				CLANG_WARN_DOCUMENTATION_COMMENTS = YES;
				CLANG_WARN_EMPTY_BODY = YES;
				CLANG_WARN_ENUM_CONVERSION = YES;
				CLANG_WARN_INFINITE_RECURSION = YES;
				CLANG_WARN_INT_CONVERSION = YES;
				CLANG_WARN_NON_LITERAL_NULL_CONVERSION = YES;
				CLANG_WARN_OBJC_IMPLICIT_RETAIN_SELF = YES;
				CLANG_WARN_OBJC_LITERAL_CONVERSION = YES;
				CLANG_WARN_OBJC_ROOT_CLASS = YES_ERROR;
				CLANG_WARN_QUOTED_INCLUDE_IN_FRAMEWORK_HEADER = YES;
				CLANG_WARN_RANGE_LOOP_ANALYSIS = YES;
				CLANG_WARN_STRICT_PROTOTYPES = YES;
				CLANG_WARN_SUSPICIOUS_MOVE = YES;
				CLANG_WARN_UNGUARDED_AVAILABILITY = YES_AGGRESSIVE;
				CLANG_WARN_UNREACHABLE_CODE = YES;
				CLANG_WARN__DUPLICATE_METHOD_MATCH = YES;
				COPY_PHASE_STRIP = NO;
				DEBUG_INFORMATION_FORMAT = dwarf;
				ENABLE_STRICT_OBJC_MSGSEND = YES;
				ENABLE_TESTABILITY = YES;
				ENABLE_USER_SCRIPT_SANDBOXING = YES;
				GCC_C_LANGUAGE_STANDARD = gnu17;
				GCC_DYNAMIC_NO_PIC = NO;
				GCC_NO_COMMON_BLOCKS = YES;
				GCC_OPTIMIZATION_LEVEL = 0;
				GCC_PREPROCESSOR_DEFINITIONS = (
					"DEBUG=1",
					"$(inherited)",
				);
				GCC_WARN_64_TO_32_BIT_CONVERSION = YES;
				GCC_WARN_ABOUT_RETURN_TYPE = YES_ERROR;
				GCC_WARN_UNDECLARED_SELECTOR = YES;
				GCC_WARN_UNINITIALIZED_AUTOS = YES_AGGRESSIVE;
				GCC_WARN_UNUSED_FUNCTION = YES;
				GCC_WARN_UNUSED_VARIABLE = YES;
				IPHONEOS_DEPLOYMENT_TARGET = 18.1;
				LOCALIZATION_PREFERS_STRING_CATALOGS = YES;
				MTL_ENABLE_DEBUG_INFO = INCLUDE_SOURCE;
				MTL_FAST_MATH = YES;
				ONLY_ACTIVE_ARCH = YES;
				SDKROOT = iphoneos;
				SWIFT_ACTIVE_COMPILATION_CONDITIONS = "DEBUG $(inherited)";
				SWIFT_OPTIMIZATION_LEVEL = "-Onone";
			};
			name = Debug;
		};
		917D058C2CDE520F00555F69 /* Release */ = {
			isa = XCBuildConfiguration;
			baseConfigurationReference = 91D58CCF2CDFAD2400428DCC /* projectConfig.xcconfig */;
			buildSettings = {
				ALWAYS_SEARCH_USER_PATHS = NO;
				ASSETCATALOG_COMPILER_GENERATE_SWIFT_ASSET_SYMBOL_EXTENSIONS = YES;
				CLANG_ANALYZER_NONNULL = YES;
				CLANG_ANALYZER_NUMBER_OBJECT_CONVERSION = YES_AGGRESSIVE;
				CLANG_CXX_LANGUAGE_STANDARD = "gnu++20";
				CLANG_ENABLE_MODULES = YES;
				CLANG_ENABLE_OBJC_ARC = YES;
				CLANG_ENABLE_OBJC_WEAK = YES;
				CLANG_WARN_BLOCK_CAPTURE_AUTORELEASING = YES;
				CLANG_WARN_BOOL_CONVERSION = YES;
				CLANG_WARN_COMMA = YES;
				CLANG_WARN_CONSTANT_CONVERSION = YES;
				CLANG_WARN_DEPRECATED_OBJC_IMPLEMENTATIONS = YES;
				CLANG_WARN_DIRECT_OBJC_ISA_USAGE = YES_ERROR;
				CLANG_WARN_DOCUMENTATION_COMMENTS = YES;
				CLANG_WARN_EMPTY_BODY = YES;
				CLANG_WARN_ENUM_CONVERSION = YES;
				CLANG_WARN_INFINITE_RECURSION = YES;
				CLANG_WARN_INT_CONVERSION = YES;
				CLANG_WARN_NON_LITERAL_NULL_CONVERSION = YES;
				CLANG_WARN_OBJC_IMPLICIT_RETAIN_SELF = YES;
				CLANG_WARN_OBJC_LITERAL_CONVERSION = YES;
				CLANG_WARN_OBJC_ROOT_CLASS = YES_ERROR;
				CLANG_WARN_QUOTED_INCLUDE_IN_FRAMEWORK_HEADER = YES;
				CLANG_WARN_RANGE_LOOP_ANALYSIS = YES;
				CLANG_WARN_STRICT_PROTOTYPES = YES;
				CLANG_WARN_SUSPICIOUS_MOVE = YES;
				CLANG_WARN_UNGUARDED_AVAILABILITY = YES_AGGRESSIVE;
				CLANG_WARN_UNREACHABLE_CODE = YES;
				CLANG_WARN__DUPLICATE_METHOD_MATCH = YES;
				COPY_PHASE_STRIP = NO;
				DEBUG_INFORMATION_FORMAT = "dwarf-with-dsym";
				ENABLE_NS_ASSERTIONS = NO;
				ENABLE_STRICT_OBJC_MSGSEND = YES;
				ENABLE_USER_SCRIPT_SANDBOXING = YES;
				GCC_C_LANGUAGE_STANDARD = gnu17;
				GCC_NO_COMMON_BLOCKS = YES;
				GCC_WARN_64_TO_32_BIT_CONVERSION = YES;
				GCC_WARN_ABOUT_RETURN_TYPE = YES_ERROR;
				GCC_WARN_UNDECLARED_SELECTOR = YES;
				GCC_WARN_UNINITIALIZED_AUTOS = YES_AGGRESSIVE;
				GCC_WARN_UNUSED_FUNCTION = YES;
				GCC_WARN_UNUSED_VARIABLE = YES;
				IPHONEOS_DEPLOYMENT_TARGET = 18.1;
				LOCALIZATION_PREFERS_STRING_CATALOGS = YES;
				MTL_ENABLE_DEBUG_INFO = NO;
				MTL_FAST_MATH = YES;
				SDKROOT = iphoneos;
				SWIFT_COMPILATION_MODE = wholemodule;
				VALIDATE_PRODUCT = YES;
			};
			name = Release;
		};
		917D058E2CDE520F00555F69 /* Debug */ = {
			isa = XCBuildConfiguration;
			baseConfigurationReference = 91D58CCF2CDFAD2400428DCC /* projectConfig.xcconfig */;
			buildSettings = {
				ASSETCATALOG_COMPILER_APPICON_NAME = AppIcon;
				ASSETCATALOG_COMPILER_GLOBAL_ACCENT_COLOR_NAME = AccentColor;
				CODE_SIGN_STYLE = Automatic;
				CURRENT_PROJECT_VERSION = 1;
				DEVELOPMENT_ASSET_PATHS = "\"MovieHut/Preview Content\"";
				DEVELOPMENT_TEAM = "";
				ENABLE_PREVIEWS = YES;
				GENERATE_INFOPLIST_FILE = YES;
				INFOPLIST_KEY_UIApplicationSceneManifest_Generation = YES;
				INFOPLIST_KEY_UIApplicationSupportsIndirectInputEvents = YES;
				INFOPLIST_KEY_UILaunchScreen_Generation = YES;
				INFOPLIST_KEY_UISupportedInterfaceOrientations_iPad = "UIInterfaceOrientationPortrait UIInterfaceOrientationPortraitUpsideDown UIInterfaceOrientationLandscapeLeft UIInterfaceOrientationLandscapeRight";
				INFOPLIST_KEY_UISupportedInterfaceOrientations_iPhone = "UIInterfaceOrientationPortrait UIInterfaceOrientationLandscapeLeft UIInterfaceOrientationLandscapeRight";
				LD_RUNPATH_SEARCH_PATHS = (
					"$(inherited)",
					"@executable_path/Frameworks",
				);
				MARKETING_VERSION = 1.0;
				PRODUCT_NAME = "$(TARGET_NAME)";
				SWIFT_EMIT_LOC_STRINGS = YES;
				SWIFT_VERSION = 5.0;
				TARGETED_DEVICE_FAMILY = "1,2";
			};
			name = Debug;
		};
		917D058F2CDE520F00555F69 /* Release */ = {
			isa = XCBuildConfiguration;
			baseConfigurationReference = 91D58CCF2CDFAD2400428DCC /* projectConfig.xcconfig */;
			buildSettings = {
				ASSETCATALOG_COMPILER_APPICON_NAME = AppIcon;
				ASSETCATALOG_COMPILER_GLOBAL_ACCENT_COLOR_NAME = AccentColor;
				CODE_SIGN_STYLE = Automatic;
				CURRENT_PROJECT_VERSION = 1;
				DEVELOPMENT_ASSET_PATHS = "\"MovieHut/Preview Content\"";
				DEVELOPMENT_TEAM = "";
				ENABLE_PREVIEWS = YES;
				GENERATE_INFOPLIST_FILE = YES;
				INFOPLIST_KEY_UIApplicationSceneManifest_Generation = YES;
				INFOPLIST_KEY_UIApplicationSupportsIndirectInputEvents = YES;
				INFOPLIST_KEY_UILaunchScreen_Generation = YES;
				INFOPLIST_KEY_UISupportedInterfaceOrientations_iPad = "UIInterfaceOrientationPortrait UIInterfaceOrientationPortraitUpsideDown UIInterfaceOrientationLandscapeLeft UIInterfaceOrientationLandscapeRight";
				INFOPLIST_KEY_UISupportedInterfaceOrientations_iPhone = "UIInterfaceOrientationPortrait UIInterfaceOrientationLandscapeLeft UIInterfaceOrientationLandscapeRight";
				LD_RUNPATH_SEARCH_PATHS = (
					"$(inherited)",
					"@executable_path/Frameworks",
				);
				MARKETING_VERSION = 1.0;
				PRODUCT_NAME = "$(TARGET_NAME)";
				SWIFT_EMIT_LOC_STRINGS = YES;
				SWIFT_VERSION = 5.0;
				TARGETED_DEVICE_FAMILY = "1,2";
			};
			name = Release;
		};
		917D05912CDE520F00555F69 /* Debug */ = {
			isa = XCBuildConfiguration;
			buildSettings = {
				BUNDLE_LOADER = "$(TEST_HOST)";
				CODE_SIGN_STYLE = Automatic;
				CURRENT_PROJECT_VERSION = 1;
				DEVELOPMENT_TEAM = B59XTG4S49;
				GENERATE_INFOPLIST_FILE = YES;
				IPHONEOS_DEPLOYMENT_TARGET = 18.1;
				MARKETING_VERSION = 1.0;
				PRODUCT_BUNDLE_IDENTIFIER = com.prime.moviehut.MovieHutTests;
				PRODUCT_NAME = "$(TARGET_NAME)";
				SWIFT_EMIT_LOC_STRINGS = NO;
				SWIFT_VERSION = 5.0;
				TARGETED_DEVICE_FAMILY = "1,2";
				TEST_HOST = "$(BUILT_PRODUCTS_DIR)/MovieHut.app/$(BUNDLE_EXECUTABLE_FOLDER_PATH)/MovieHut";
			};
			name = Debug;
		};
		917D05922CDE520F00555F69 /* Release */ = {
			isa = XCBuildConfiguration;
			buildSettings = {
				BUNDLE_LOADER = "$(TEST_HOST)";
				CODE_SIGN_STYLE = Automatic;
				CURRENT_PROJECT_VERSION = 1;
				DEVELOPMENT_TEAM = B59XTG4S49;
				GENERATE_INFOPLIST_FILE = YES;
				IPHONEOS_DEPLOYMENT_TARGET = 18.1;
				MARKETING_VERSION = 1.0;
				PRODUCT_BUNDLE_IDENTIFIER = com.prime.moviehut.MovieHutTests;
				PRODUCT_NAME = "$(TARGET_NAME)";
				SWIFT_EMIT_LOC_STRINGS = NO;
				SWIFT_VERSION = 5.0;
				TARGETED_DEVICE_FAMILY = "1,2";
				TEST_HOST = "$(BUILT_PRODUCTS_DIR)/MovieHut.app/$(BUNDLE_EXECUTABLE_FOLDER_PATH)/MovieHut";
			};
			name = Release;
		};
		917D05942CDE520F00555F69 /* Debug */ = {
			isa = XCBuildConfiguration;
			buildSettings = {
				CODE_SIGN_STYLE = Automatic;
				CURRENT_PROJECT_VERSION = 1;
				DEVELOPMENT_TEAM = B59XTG4S49;
				GENERATE_INFOPLIST_FILE = YES;
				MARKETING_VERSION = 1.0;
				PRODUCT_BUNDLE_IDENTIFIER = com.prime.moviehut.MovieHutUITests;
				PRODUCT_NAME = "$(TARGET_NAME)";
				SWIFT_EMIT_LOC_STRINGS = NO;
				SWIFT_VERSION = 5.0;
				TARGETED_DEVICE_FAMILY = "1,2";
				TEST_TARGET_NAME = MovieHut;
			};
			name = Debug;
		};
		917D05952CDE520F00555F69 /* Release */ = {
			isa = XCBuildConfiguration;
			buildSettings = {
				CODE_SIGN_STYLE = Automatic;
				CURRENT_PROJECT_VERSION = 1;
				DEVELOPMENT_TEAM = B59XTG4S49;
				GENERATE_INFOPLIST_FILE = YES;
				MARKETING_VERSION = 1.0;
				PRODUCT_BUNDLE_IDENTIFIER = com.prime.moviehut.MovieHutUITests;
				PRODUCT_NAME = "$(TARGET_NAME)";
				SWIFT_EMIT_LOC_STRINGS = NO;
				SWIFT_VERSION = 5.0;
				TARGETED_DEVICE_FAMILY = "1,2";
				TEST_TARGET_NAME = MovieHut;
			};
			name = Release;
		};
/* End XCBuildConfiguration section */

/* Begin XCConfigurationList section */
		917D05642CDE520E00555F69 /* Build configuration list for PBXProject "MovieHut" */ = {
			isa = XCConfigurationList;
			buildConfigurations = (
				917D058B2CDE520F00555F69 /* Debug */,
				917D058C2CDE520F00555F69 /* Release */,
			);
			defaultConfigurationIsVisible = 0;
			defaultConfigurationName = Release;
		};
		917D058D2CDE520F00555F69 /* Build configuration list for PBXNativeTarget "MovieHut" */ = {
			isa = XCConfigurationList;
			buildConfigurations = (
				917D058E2CDE520F00555F69 /* Debug */,
				917D058F2CDE520F00555F69 /* Release */,
			);
			defaultConfigurationIsVisible = 0;
			defaultConfigurationName = Release;
		};
		917D05902CDE520F00555F69 /* Build configuration list for PBXNativeTarget "MovieHutTests" */ = {
			isa = XCConfigurationList;
			buildConfigurations = (
				917D05912CDE520F00555F69 /* Debug */,
				917D05922CDE520F00555F69 /* Release */,
			);
			defaultConfigurationIsVisible = 0;
			defaultConfigurationName = Release;
		};
		917D05932CDE520F00555F69 /* Build configuration list for PBXNativeTarget "MovieHutUITests" */ = {
			isa = XCConfigurationList;
			buildConfigurations = (
				917D05942CDE520F00555F69 /* Debug */,
				917D05952CDE520F00555F69 /* Release */,
			);
			defaultConfigurationIsVisible = 0;
			defaultConfigurationName = Release;
		};
/* End XCConfigurationList section */
	};
	rootObject = 917D05612CDE520E00555F69 /* Project object */;
}
